version = 1
revision = 2
requires-python = "==3.11.*"

[[package]]
name = "certifi"
version = "2025.10.5"
source = { registry = "https://pypi.org/simple" }
sdist = { url = "https://files.pythonhosted.org/packages/4c/5b/b6ce21586237c77ce67d01dc5507039d444b630dd76611bbca2d8e5dcd91/certifi-2025.10.5.tar.gz", hash = "sha256:47c09d31ccf2acf0be3f701ea53595ee7e0b8fa08801c6624be771df09ae7b43", size = 164519, upload-time = "2025-10-05T04:12:15.808Z" }
wheels = [
    { url = "https://files.pythonhosted.org/packages/e4/37/af0d2ef3967ac0d6113837b44a4f0bfe1328c2b9763bd5b1744520e5cfed/certifi-2025.10.5-py3-none-any.whl", hash = "sha256:0f212c2744a9bb6de0c56639a6f68afe01ecd92d91f14ae897c4fe7bbeeef0de", size = 163286, upload-time = "2025-10-05T04:12:14.03Z" },
]

[[package]]
name = "influxdb-client"
version = "1.43.0"
source = { registry = "https://pypi.org/simple" }
dependencies = [
    { name = "certifi" },
    { name = "python-dateutil" },
    { name = "reactivex" },
    { name = "setuptools" },
    { name = "urllib3" },
]
sdist = { url = "https://files.pythonhosted.org/packages/3a/1f/d610ac86af1204bb12698a4d9ac4bd743141e01c13dc44d2e5a8bcf9c556/influxdb_client-1.43.0.tar.gz", hash = "sha256:ae2614d891baed52c0ae8f6194a04ee5b1c6422f6061318a3639fe63b7671b25", size = 382515, upload-time = "2024-05-17T09:31:05.762Z" }
wheels = [
    { url = "https://files.pythonhosted.org/packages/a2/67/fd51294d176f5eb81c418c162c86ddf8dcfa7d39db56aca81c0be2464295/influxdb_client-1.43.0-py3-none-any.whl", hash = "sha256:f079e63018f521024118bc0141b6403c65506711e2e6e93500f8e69f1675dc38", size = 744699, upload-time = "2024-05-17T09:30:56.185Z" },
]

[[package]]
name = "numpy"
version = "1.26.4"
source = { registry = "https://pypi.org/simple" }
sdist = { url = "https://files.pythonhosted.org/packages/65/6e/09db70a523a96d25e115e71cc56a6f9031e7b8cd166c1ac8438307c14058/numpy-1.26.4.tar.gz", hash = "sha256:2a02aba9ed12e4ac4eb3ea9421c420301a0c6460d9830d74a9df87efa4912010", size = 15786129, upload-time = "2024-02-06T00:26:44.495Z" }
wheels = [
    { url = "https://files.pythonhosted.org/packages/11/57/baae43d14fe163fa0e4c47f307b6b2511ab8d7d30177c491960504252053/numpy-1.26.4-cp311-cp311-macosx_10_9_x86_64.whl", hash = "sha256:4c66707fabe114439db9068ee468c26bbdf909cac0fb58686a42a24de1760c71", size = 20630554, upload-time = "2024-02-05T23:51:50.149Z" },
    { url = "https://files.pythonhosted.org/packages/1a/2e/151484f49fd03944c4a3ad9c418ed193cfd02724e138ac8a9505d056c582/numpy-1.26.4-cp311-cp311-macosx_11_0_arm64.whl", hash = "sha256:edd8b5fe47dab091176d21bb6de568acdd906d1887a4584a15a9a96a1dca06ef", size = 13997127, upload-time = "2024-02-05T23:52:15.314Z" },
    { url = "https://files.pythonhosted.org/packages/79/ae/7e5b85136806f9dadf4878bf73cf223fe5c2636818ba3ab1c585d0403164/numpy-1.26.4-cp311-cp311-manylinux_2_17_aarch64.manylinux2014_aarch64.whl", hash = "sha256:7ab55401287bfec946ced39700c053796e7cc0e3acbef09993a9ad2adba6ca6e", size = 14222994, upload-time = "2024-02-05T23:52:47.569Z" },
    { url = "https://files.pythonhosted.org/packages/3a/d0/edc009c27b406c4f9cbc79274d6e46d634d139075492ad055e3d68445925/numpy-1.26.4-cp311-cp311-manylinux_2_17_x86_64.manylinux2014_x86_64.whl", hash = "sha256:666dbfb6ec68962c033a450943ded891bed2d54e6755e35e5835d63f4f6931d5", size = 18252005, upload-time = "2024-02-05T23:53:15.637Z" },
    { url = "https://files.pythonhosted.org/packages/09/bf/2b1aaf8f525f2923ff6cfcf134ae5e750e279ac65ebf386c75a0cf6da06a/numpy-1.26.4-cp311-cp311-musllinux_1_1_aarch64.whl", hash = "sha256:96ff0b2ad353d8f990b63294c8986f1ec3cb19d749234014f4e7eb0112ceba5a", size = 13885297, upload-time = "2024-02-05T23:53:42.16Z" },
    { url = "https://files.pythonhosted.org/packages/df/a0/4e0f14d847cfc2a633a1c8621d00724f3206cfeddeb66d35698c4e2cf3d2/numpy-1.26.4-cp311-cp311-musllinux_1_1_x86_64.whl", hash = "sha256:60dedbb91afcbfdc9bc0b1f3f402804070deed7392c23eb7a7f07fa857868e8a", size = 18093567, upload-time = "2024-02-05T23:54:11.696Z" },
    { url = "https://files.pythonhosted.org/packages/d2/b7/a734c733286e10a7f1a8ad1ae8c90f2d33bf604a96548e0a4a3a6739b468/numpy-1.26.4-cp311-cp311-win32.whl", hash = "sha256:1af303d6b2210eb850fcf03064d364652b7120803a0b872f5211f5234b399f20", size = 5968812, upload-time = "2024-02-05T23:54:26.453Z" },
    { url = "https://files.pythonhosted.org/packages/3f/6b/5610004206cf7f8e7ad91c5a85a8c71b2f2f8051a0c0c4d5916b76d6cbb2/numpy-1.26.4-cp311-cp311-win_amd64.whl", hash = "sha256:cd25bcecc4974d09257ffcd1f098ee778f7834c3ad767fe5db785be9a4aa9cb2", size = 15811913, upload-time = "2024-02-05T23:54:53.933Z" },
]

[[package]]
name = "polars"
version = "0.20.22"
source = { registry = "https://pypi.org/simple" }
sdist = { url = "https://files.pythonhosted.org/packages/c6/8e/deff4e0d6a9d437883570f4479e7236b854d07b5a99c3eb0d7845acdf1f4/polars-0.20.22.tar.gz", hash = "sha256:ceeb767bb944605539db63c528fe074708f0e23ece2f78f3dfc5132ac2e84d64", size = 3436784, upload-time = "2024-04-21T13:49:36.765Z" }
wheels = [
    { url = "https://files.pythonhosted.org/packages/2e/79/ed6af5f6f9af9e0d333f84383d6ab6c772e5f2fd83e8f5a6d751da5b596c/polars-0.20.22-cp38-abi3-macosx_10_12_x86_64.whl", hash = "sha256:d211aed6ae34845e1a9766e3b487f73ee9d5044927cc748f7498a72a5a0c8805", size = 26334007, upload-time = "2024-04-21T13:48:33.92Z" },
    { url = "https://files.pythonhosted.org/packages/ef/0a/0fab9725aad9c7759a807eabb1022ef4e39abddaa77b1071e604b98b8e0a/polars-0.20.22-cp38-abi3-macosx_11_0_arm64.whl", hash = "sha256:15d8807828f9c3ddbab60b4aa17ea1dea7743a3dddebfd1c6186826257a687ca", size = 23581766, upload-time = "2024-04-21T13:48:41.096Z" },
    { url = "https://files.pythonhosted.org/packages/e9/f9/198d38e3c4b4ca1d4eebd285a90ed706dae7129ecddb6643f134bec6a231/polars-0.20.22-cp38-abi3-manylinux_2_17_x86_64.manylinux2014_x86_64.whl", hash = "sha256:2f7b08e1725d1a7c522aa316304e8ddb835c69b579577249764c7fa4eeb97305", size = 27380607, upload-time = "2024-04-21T13:48:46.216Z" },
    { url = "https://files.pythonhosted.org/packages/4a/d1/70557caf7e079d596e7c11acb155039a2e917d1d40a3baaaf2584746096f/polars-0.20.22-cp38-abi3-manylinux_2_24_aarch64.whl", hash = "sha256:08ee57946f34e2de3ebfc7853d21a14eb92e3993e71d788a6aaaa0757e7bd3e2", size = 25572840, upload-time = "2024-04-21T13:48:50.235Z" },
    { url = "https://files.pythonhosted.org/packages/f8/6f/0448f48e3568ac02198848f4fa71839e9ca09919f8f0425392c866f85915/polars-0.20.22-cp38-abi3-win_amd64.whl", hash = "sha256:abc5da1f6f7e2ee15bdab74cd19939948a0910799b27ee3eb0768bb95f0e9aff", size = 27244666, upload-time = "2024-04-21T13:48:55.633Z" },
]

[[package]]
name = "prometheus-client"
version = "0.20.0"
source = { registry = "https://pypi.org/simple" }
sdist = { url = "https://files.pythonhosted.org/packages/3d/39/3be07741a33356127c4fe633768ee450422c1231c6d34b951fee1458308d/prometheus_client-0.20.0.tar.gz", hash = "sha256:287629d00b147a32dcb2be0b9df905da599b2d82f80377083ec8463309a4bb89", size = 78278, upload-time = "2024-02-14T15:55:14.761Z" }
wheels = [
    { url = "https://files.pythonhosted.org/packages/c7/98/745b810d822103adca2df8decd4c0bbe839ba7ad3511af3f0d09692fc0f0/prometheus_client-0.20.0-py3-none-any.whl", hash = "sha256:cde524a85bce83ca359cc837f28b8c0db5cac7aa653a588fd7e84ba061c329e7", size = 54474, upload-time = "2024-02-14T15:55:03.957Z" },
]

[[package]]
name = "puregold"
version = "0.1.0"
source = { editable = "." }
dependencies = [
    { name = "influxdb-client" },
    { name = "polars" },
    { name = "prometheus-client" },
    { name = "pyarrow" },
    { name = "uv" },
]

[package.dev-dependencies]
dev = [
    { name = "ruff" },
]

[package.metadata]
requires-dist = [
    { name = "influxdb-client", specifier = "==1.43.0" },
    { name = "polars", specifier = "==0.20.22" },
    { name = "prometheus-client", specifier = "==0.20.0" },
    { name = "pyarrow", specifier = "==15.0.2" },
    { name = "uv", specifier = "==0.9.5" },
]

[package.metadata.requires-dev]
dev = [{ name = "ruff", specifier = "==0.5.6" }]

[[package]]
name = "pyarrow"
version = "15.0.2"
source = { registry = "https://pypi.org/simple" }
dependencies = [
    { name = "numpy" },
]
sdist = { url = "https://files.pythonhosted.org/packages/35/a1/b7c9bacfd17a9d1d8d025db2fc39112e0b1a629ea401880e4e97632dbc4c/pyarrow-15.0.2.tar.gz", hash = "sha256:9c9bc803cb3b7bfacc1e96ffbfd923601065d9d3f911179d81e72d99fd74a3d9", size = 1064226, upload-time = "2024-03-18T16:58:06.866Z" }
wheels = [
    { url = "https://files.pythonhosted.org/packages/34/50/93f6104e79bec6e1af4356f5164695a0b6338f230e1273706ec9eb836bea/pyarrow-15.0.2-cp311-cp311-macosx_10_15_x86_64.whl", hash = "sha256:5f8bc839ea36b1f99984c78e06e7a06054693dc2af8920f6fb416b5bca9944e4", size = 27187122, upload-time = "2024-03-18T16:54:29.514Z" },
    { url = "https://files.pythonhosted.org/packages/47/cb/be17c4879e60e683761be281d955923d586a572fbc2503e08f08ca713349/pyarrow-15.0.2-cp311-cp311-macosx_11_0_arm64.whl", hash = "sha256:f5e81dfb4e519baa6b4c80410421528c214427e77ca0ea9461eb4097c328fa33", size = 24217346, upload-time = "2024-03-18T16:54:36.41Z" },
    { url = "https://files.pythonhosted.org/packages/ac/f6/57d67d7729643ebc80f0df18420b9fc1857ca418d1b2bb3bc5be2fd2119e/pyarrow-15.0.2-cp311-cp311-manylinux_2_17_aarch64.manylinux2014_aarch64.whl", hash = "sha256:3a4f240852b302a7af4646c8bfe9950c4691a419847001178662a98915fd7ee7", size = 36151795, upload-time = "2024-03-18T16:54:44.674Z" },
    { url = "https://files.pythonhosted.org/packages/ff/42/df219f3a1e06c2dd63599243384d6ba2a02a44a976801fbc9601264ff562/pyarrow-15.0.2-cp311-cp311-manylinux_2_17_x86_64.manylinux2014_x86_64.whl", hash = "sha256:4e7d9cfb5a1e648e172428c7a42b744610956f3b70f524aa3a6c02a448ba853e", size = 38398065, upload-time = "2024-03-18T16:54:53.221Z" },
    { url = "https://files.pythonhosted.org/packages/4a/37/a32de321c7270df01b709f554903acf4edaaef373310ff116302224348a9/pyarrow-15.0.2-cp311-cp311-manylinux_2_28_aarch64.whl", hash = "sha256:2d4f905209de70c0eb5b2de6763104d5a9a37430f137678edfb9a675bac9cd98", size = 35672270, upload-time = "2024-03-18T16:55:02.175Z" },
    { url = "https://files.pythonhosted.org/packages/61/94/0b28417737ea56a4819603c0024c8b24365f85154bb938785352e09bea55/pyarrow-15.0.2-cp311-cp311-manylinux_2_28_x86_64.whl", hash = "sha256:90adb99e8ce5f36fbecbbc422e7dcbcbed07d985eed6062e459e23f9e71fd197", size = 38346410, upload-time = "2024-03-18T16:55:10.399Z" },
    { url = "https://files.pythonhosted.org/packages/96/2f/0092154f3e1ebbc814de1f8a9075543d77a7ecc691fbad407df174799abe/pyarrow-15.0.2-cp311-cp311-win_amd64.whl", hash = "sha256:b116e7fd7889294cbd24eb90cd9bdd3850be3738d61297855a71ac3b8124ee38", size = 24799922, upload-time = "2024-03-18T16:55:17.261Z" },
]

[[package]]
name = "python-dateutil"
version = "2.9.0.post0"
source = { registry = "https://pypi.org/simple" }
dependencies = [
    { name = "six" },
]
sdist = { url = "https://files.pythonhosted.org/packages/66/c0/0c8b6ad9f17a802ee498c46e004a0eb49bc148f2fd230864601a86dcf6db/python-dateutil-2.9.0.post0.tar.gz", hash = "sha256:37dd54208da7e1cd875388217d5e00ebd4179249f90fb72437e91a35459a0ad3", size = 342432, upload-time = "2024-03-01T18:36:20.211Z" }
wheels = [
    { url = "https://files.pythonhosted.org/packages/ec/57/56b9bcc3c9c6a792fcbaf139543cee77261f3651ca9da0c93f5c1221264b/python_dateutil-2.9.0.post0-py2.py3-none-any.whl", hash = "sha256:a8b2bc7bffae282281c8140a97d3aa9c14da0b136dfe83f850eea9a5f7470427", size = 229892, upload-time = "2024-03-01T18:36:18.57Z" },
]

[[package]]
name = "reactivex"
version = "4.0.4"
source = { registry = "https://pypi.org/simple" }
dependencies = [
    { name = "typing-extensions" },
]
sdist = { url = "https://files.pythonhosted.org/packages/ef/63/f776322df4d7b456446eff78c4e64f14c3c26d57d46b4e06c18807d5d99c/reactivex-4.0.4.tar.gz", hash = "sha256:e912e6591022ab9176df8348a653fe8c8fa7a301f26f9931c9d8c78a650e04e8", size = 119177, upload-time = "2022-07-16T07:11:53.689Z" }
wheels = [
    { url = "https://files.pythonhosted.org/packages/69/3f/2ed8c1b8fe3fc2ed816ba40554ef703aad8c51700e2606c139fcf9b7f791/reactivex-4.0.4-py3-none-any.whl", hash = "sha256:0004796c420bd9e68aad8e65627d85a8e13f293de76656165dffbcb3a0e3fb6a", size = 217791, upload-time = "2022-07-16T07:11:52.061Z" },
]

[[package]]
name = "ruff"
version = "0.5.6"
source = { registry = "https://pypi.org/simple" }
sdist = { url = "https://files.pythonhosted.org/packages/f7/69/96766da2cdb5605e6a31ef2734aff0be17901cefb385b885c2ab88896d76/ruff-0.5.6.tar.gz", hash = "sha256:07c9e3c2a8e1fe377dd460371c3462671a728c981c3205a5217291422209f642", size = 2444466, upload-time = "2024-08-02T15:53:00.099Z" }
wheels = [
    { url = "https://files.pythonhosted.org/packages/85/54/af603686de0e9ba6c1798bd83d335e345e7c9ce4deed95a1071448bb6563/ruff-0.5.6-py3-none-linux_armv6l.whl", hash = "sha256:a0ef5930799a05522985b9cec8290b185952f3fcd86c1772c3bdbd732667fdcd", size = 9543715, upload-time = "2024-08-02T15:51:36.229Z" },
    { url = "https://files.pythonhosted.org/packages/81/86/b22d250e1be2dcd11c749817d0cfe8be37efce6e6862c92ea037bedf6df9/ruff-0.5.6-py3-none-macosx_10_12_x86_64.whl", hash = "sha256:b652dc14f6ef5d1552821e006f747802cc32d98d5509349e168f6bf0ee9f8f42", size = 8662814, upload-time = "2024-08-02T15:51:42.686Z" },
    { url = "https://files.pythonhosted.org/packages/d2/e2/f97c58797fac1c7dd8226becfed55056fa7bbfb6d9c2e93900f2a27b540e/ruff-0.5.6-py3-none-macosx_11_0_arm64.whl", hash = "sha256:80521b88d26a45e871f31e4b88938fd87db7011bb961d8afd2664982dfc3641a", size = 8230427, upload-time = "2024-08-02T15:51:47.381Z" },
    { url = "https://files.pythonhosted.org/packages/24/70/9f00cf1e2b50476751808ac6ebbfaa6dab3abab5514058f6bbca28a790bc/ruff-0.5.6-py3-none-manylinux_2_17_aarch64.manylinux2014_aarch64.whl", hash = "sha256:d9bc8f328a9f1309ae80e4d392836e7dbc77303b38ed4a7112699e63d3b066ab", size = 9976713, upload-time = "2024-08-02T15:51:52.136Z" },
    { url = "https://files.pythonhosted.org/packages/9b/02/309b171d867d819b7c76c46489597341ce85d70fefa05102a95130440005/ruff-0.5.6-py3-none-manylinux_2_17_armv7l.manylinux2014_armv7l.whl", hash = "sha256:4d394940f61f7720ad371ddedf14722ee1d6250fd8d020f5ea5a86e7be217daf", size = 9345335, upload-time = "2024-08-02T15:51:56.896Z" },
    { url = "https://files.pythonhosted.org/packages/37/42/74b84b97815a0b940f1438ff554ead1405d2556ff8e2da58d3c3068a2093/ruff-0.5.6-py3-none-manylinux_2_17_i686.manylinux2014_i686.whl", hash = "sha256:111a99cdb02f69ddb2571e2756e017a1496c2c3a2aeefe7b988ddab38b416d36", size = 10140380, upload-time = "2024-08-02T15:52:01.612Z" },
    { url = "https://files.pythonhosted.org/packages/47/0c/705b979fe814498dfc3977bcdbf8c47059d2ed37b1c2128f1b77612eea82/ruff-0.5.6-py3-none-manylinux_2_17_ppc64.manylinux2014_ppc64.whl", hash = "sha256:e395daba77a79f6dc0d07311f94cc0560375ca20c06f354c7c99af3bf4560c5d", size = 10853490, upload-time = "2024-08-02T15:52:06.931Z" },
    { url = "https://files.pythonhosted.org/packages/56/f1/400cc9a533fadba676783a2116526d1c26063d3228105bc75fa1c32a092b/ruff-0.5.6-py3-none-manylinux_2_17_ppc64le.manylinux2014_ppc64le.whl", hash = "sha256:c476acb43c3c51e3c614a2e878ee1589655fa02dab19fe2db0423a06d6a5b1b6", size = 10425500, upload-time = "2024-08-02T15:52:12.603Z" },
    { url = "https://files.pythonhosted.org/packages/f3/cd/f2cf6bc23a4293e3f8c365138f7279eea9179d1c4d3e09546d64daea40da/ruff-0.5.6-py3-none-manylinux_2_17_s390x.manylinux2014_s390x.whl", hash = "sha256:e2ff8003f5252fd68425fd53d27c1f08b201d7ed714bb31a55c9ac1d4c13e2eb", size = 11407463, upload-time = "2024-08-02T15:52:17.401Z" },
    { url = "https://files.pythonhosted.org/packages/f8/cc/227428f39f8834d281b6d18f84f53e08a840ed63dec259e5e5e502284cec/ruff-0.5.6-py3-none-manylinux_2_17_x86_64.manylinux2014_x86_64.whl", hash = "sha256:c94e084ba3eaa80c2172918c2ca2eb2230c3f15925f4ed8b6297260c6ef179ad", size = 10160402, upload-time = "2024-08-02T15:52:22.406Z" },
    { url = "https://files.pythonhosted.org/packages/f3/61/218890d960ca146d3822e981a34834995081f3b741b82ca2585fd5ebc521/ruff-0.5.6-py3-none-musllinux_1_2_aarch64.whl", hash = "sha256:1f77c1c3aa0669fb230b06fb24ffa3e879391a3ba3f15e3d633a752da5a3e670", size = 9971344, upload-time = "2024-08-02T15:52:27.613Z" },
    { url = "https://files.pythonhosted.org/packages/f1/20/bd444745ff7b51e497332ecf3f550bb62871dd24d61960997049fdbed268/ruff-0.5.6-py3-none-musllinux_1_2_armv7l.whl", hash = "sha256:f908148c93c02873210a52cad75a6eda856b2cbb72250370ce3afef6fb99b1ed", size = 9417963, upload-time = "2024-08-02T15:52:32.164Z" },
    { url = "https://files.pythonhosted.org/packages/30/03/69b6d3735f284d93324ca31e36316574501130393f1a8e328a74775f4fb5/ruff-0.5.6-py3-none-musllinux_1_2_i686.whl", hash = "sha256:563a7ae61ad284187d3071d9041c08019975693ff655438d8d4be26e492760bd", size = 9769870, upload-time = "2024-08-02T15:52:37.403Z" },
    { url = "https://files.pythonhosted.org/packages/7f/19/1c86dc40abef457124bb4abf90c68688eb2c7f9944903240c3b93d511360/ruff-0.5.6-py3-none-musllinux_1_2_x86_64.whl", hash = "sha256:94fe60869bfbf0521e04fd62b74cbca21cbc5beb67cbb75ab33fe8c174f54414", size = 10229991, upload-time = "2024-08-02T15:52:42.415Z" },
    { url = "https://files.pythonhosted.org/packages/65/a7/60a19f3cfccdea5815bc31971f523f5b2ecd08162b05d1a0d5b8c37dff59/ruff-0.5.6-py3-none-win32.whl", hash = "sha256:e6a584c1de6f8591c2570e171cc7ce482bb983d49c70ddf014393cd39e9dfaed", size = 7789030, upload-time = "2024-08-02T15:52:46.288Z" },
    { url = "https://files.pythonhosted.org/packages/27/c6/b51987072bba4a56537b6fc7036d9bf0694a9de6cceddaa0761475658632/ruff-0.5.6-py3-none-win_amd64.whl", hash = "sha256:d7fe7dccb1a89dc66785d7aa0ac283b2269712d8ed19c63af908fdccca5ccc1a", size = 8690520, upload-time = "2024-08-02T15:52:51.595Z" },
    { url = "https://files.pythonhosted.org/packages/c0/b1/712801cf487fd78554029b02f980e24531f5994e2bf79b7ac55c1659dd52/ruff-0.5.6-py3-none-win_arm64.whl", hash = "sha256:57c6c0dd997b31b536bff49b9eee5ed3194d60605a4427f735eeb1f9c1b8d264", size = 8101938, upload-time = "2024-08-02T15:52:56.459Z" },
]

[[package]]
name = "setuptools"
version = "80.9.0"
source = { registry = "https://pypi.org/simple" }
sdist = { url = "https://files.pythonhosted.org/packages/18/5d/3bf57dcd21979b887f014ea83c24ae194cfcd12b9e0fda66b957c69d1fca/setuptools-80.9.0.tar.gz", hash = "sha256:f36b47402ecde768dbfafc46e8e4207b4360c654f1f3bb84475f0a28628fb19c", size = 1319958, upload-time = "2025-05-27T00:56:51.443Z" }
wheels = [
    { url = "https://files.pythonhosted.org/packages/a3/dc/17031897dae0efacfea57dfd3a82fdd2a2aeb58e0ff71b77b87e44edc772/setuptools-80.9.0-py3-none-any.whl", hash = "sha256:062d34222ad13e0cc312a4c02d73f059e86a4acbfbdea8f8f76b28c99f306922", size = 1201486, upload-time = "2025-05-27T00:56:49.664Z" },
]

[[package]]
name = "six"
version = "1.17.0"
source = { registry = "https://pypi.org/simple" }
sdist = { url = "https://files.pythonhosted.org/packages/94/e7/b2c673351809dca68a0e064b6af791aa332cf192da575fd474ed7d6f16a2/six-1.17.0.tar.gz", hash = "sha256:ff70335d468e7eb6ec65b95b99d3a2836546063f63acc5171de367e834932a81", size = 34031, upload-time = "2024-12-04T17:35:28.174Z" }
wheels = [
    { url = "https://files.pythonhosted.org/packages/b7/ce/149a00dd41f10bc29e5921b496af8b574d8413afcd5e30dfa0ed46c2cc5e/six-1.17.0-py2.py3-none-any.whl", hash = "sha256:4721f391ed90541fddacab5acf947aa0d3dc7d27b2e1e8eda2be8970586c3274", size = 11050, upload-time = "2024-12-04T17:35:26.475Z" },
]

[[package]]
name = "typing-extensions"
version = "4.15.0"
source = { registry = "https://pypi.org/simple" }
sdist = { url = "https://files.pythonhosted.org/packages/72/94/1a15dd82efb362ac84269196e94cf00f187f7ed21c242792a923cdb1c61f/typing_extensions-4.15.0.tar.gz", hash = "sha256:0cea48d173cc12fa28ecabc3b837ea3cf6f38c6d1136f85cbaaf598984861466", size = 109391, upload-time = "2025-08-25T13:49:26.313Z" }
wheels = [
    { url = "https://files.pythonhosted.org/packages/18/67/36e9267722cc04a6b9f15c7f3441c2363321a3ea07da7ae0c0707beb2a9c/typing_extensions-4.15.0-py3-none-any.whl", hash = "sha256:f0fa19c6845758ab08074a0cfa8b7aecb71c999ca73d62883bc25cc018c4e548", size = 44614, upload-time = "2025-08-25T13:49:24.86Z" },
]

[[package]]
name = "urllib3"
version = "2.5.0"
source = { registry = "https://pypi.org/simple" }
sdist = { url = "https://files.pythonhosted.org/packages/15/22/9ee70a2574a4f4599c47dd506532914ce044817c7752a79b6a51286319bc/urllib3-2.5.0.tar.gz", hash = "sha256:3fc47733c7e419d4bc3f6b3dc2b4f890bb743906a30d56ba4a5bfa4bbff92760", size = 393185, upload-time = "2025-06-18T14:07:41.644Z" }
wheels = [
    { url = "https://files.pythonhosted.org/packages/a7/c2/fe1e52489ae3122415c51f387e221dd0773709bad6c6cdaa599e8a2c5185/urllib3-2.5.0-py3-none-any.whl", hash = "sha256:e6b01673c0fa6a13e374b50871808eb3bf7046c4b125b216f6bf1cc604cff0dc", size = 129795, upload-time = "2025-06-18T14:07:40.39Z" },
]

[[package]]
name = "uv"
version = "0.9.5"
source = { registry = "https://pypi.org/simple" }
sdist = { url = "https://files.pythonhosted.org/packages/6e/6a/fab7dd47e7344705158cc3fcbe70b4814175902159574c3abb081ebaba88/uv-0.9.5.tar.gz", hash = "sha256:d8835d2c034421ac2235fb658bb4f669a301a0f1eb00a8430148dd8461b65641", size = 3700444, upload-time = "2025-10-21T16:48:26.847Z" }
wheels = [
    { url = "https://files.pythonhosted.org/packages/51/4a/4db051b9e41e6c67d0b7a56c68e2457e9bbe947463a656873e7d02a974f3/uv-0.9.5-py3-none-linux_armv6l.whl", hash = "sha256:f8eb34ebebac4b45334ce7082cca99293b71fb32b164651f1727c8a640e5b387", size = 20667903, upload-time = "2025-10-21T16:47:41.841Z" },
    { url = "https://files.pythonhosted.org/packages/4e/6c/3508d67f80aac0ddb5806680a6735ff6cb5a14e9b697e5ae145b01050880/uv-0.9.5-py3-none-macosx_10_12_x86_64.whl", hash = "sha256:922cd784cce36bbdc7754b590d28c276698c85791c18cd4c6a7e917db4480440", size = 19680481, upload-time = "2025-10-21T16:47:45.825Z" },
    { url = "https://files.pythonhosted.org/packages/b2/26/bd6438cf6d84a6b0b608bcbe9f353d8e424f8fe3b1b73a768984a76bf80b/uv-0.9.5-py3-none-macosx_11_0_arm64.whl", hash = "sha256:8603bb902e578463c50c3ddd4ee376ba4172ccdf4979787f8948747d1bb0e18b", size = 18309280, upload-time = "2025-10-21T16:47:47.919Z" },
    { url = "https://files.pythonhosted.org/packages/48/8a/a990d9a39094d4d47bd11edff17573247f3791c33a19626e92c995498e68/uv-0.9.5-py3-none-manylinux_2_17_aarch64.manylinux2014_aarch64.musllinux_1_1_aarch64.whl", hash = "sha256:48a3542835d37882ff57d1ff91b757085525d98756712fa61cf9941d3dda8ebf", size = 20030908, upload-time = "2025-10-21T16:47:50.532Z" },
    { url = "https://files.pythonhosted.org/packages/24/7a/63a5dd8e1b7ff69d9920a36c018c54c6247e48477d252770d979e30c97bd/uv-0.9.5-py3-none-manylinux_2_17_armv7l.manylinux2014_armv7l.whl", hash = "sha256:21452ece590ddb90e869a478ca4c2ba70be180ec0d6716985ee727b9394c8aa5", size = 20236853, upload-time = "2025-10-21T16:47:53.108Z" },
    { url = "https://files.pythonhosted.org/packages/bc/cd/511e0d96b10a88fb382515f33fcacb8613fea6e50ae767827ad8056f6c38/uv-0.9.5-py3-none-manylinux_2_17_i686.manylinux2014_i686.whl", hash = "sha256:3eb31c9896dc2c88f6a9f1d693be2409fe2fc2e3d90827956e4341c2b2171289", size = 21161956, upload-time = "2025-10-21T16:47:55.337Z" },
    { url = "https://files.pythonhosted.org/packages/0b/bd/3255b9649f491ff7ae3450919450325ad125c8af6530d24aa22932f83aa0/uv-0.9.5-py3-none-manylinux_2_17_ppc64.manylinux2014_ppc64.whl", hash = "sha256:02db727beb94a2137508cee5a785c3465d150954ca9abdff2d8157c76dea163e", size = 22646501, upload-time = "2025-10-21T16:47:57.917Z" },
    { url = "https://files.pythonhosted.org/packages/b6/6e/f2d172ea3aa078aa2ba1c391f674b2d322e5d1a8b695e2bdd941ea22f6c3/uv-0.9.5-py3-none-manylinux_2_17_ppc64le.manylinux2014_ppc64le.whl", hash = "sha256:c465f2e342cab908849b8ce83e14fd4cf75f5bed55802d0acf1399f9d02f92d9", size = 22285962, upload-time = "2025-10-21T16:48:00.516Z" },
    { url = "https://files.pythonhosted.org/packages/71/ad/f22e2b094c82178cee674337340f2e1a3dfcdaabc75e393e1f499f997c15/uv-0.9.5-py3-none-manylinux_2_17_s390x.manylinux2014_s390x.whl", hash = "sha256:133e2614e1ff3b34c2606595d8ae55710473ebb7516bfa5708afc00315730cd1", size = 21374721, upload-time = "2025-10-21T16:48:02.957Z" },
    { url = "https://files.pythonhosted.org/packages/9b/83/a0bdf4abf86ede79b427778fe27e2b4a022c98a7a8ea1745dcd6c6561f17/uv-0.9.5-py3-none-manylinux_2_17_x86_64.manylinux2014_x86_64.whl", hash = "sha256:6507bbbcd788553ec4ad5a96fa19364dc0f58b023e31d79868773559a83ec181", size = 21332544, upload-time = "2025-10-21T16:48:05.75Z" },
    { url = "https://files.pythonhosted.org/packages/da/93/f61862a5cb34d3fd021352f4a46993950ba2b301f0fd0694a56c7a56b20b/uv-0.9.5-py3-none-manylinux_2_28_aarch64.whl", hash = "sha256:6a046c2e833169bf26f461286aab58a2ba8d48ed2220bfcf119dcfaf87163116", size = 20157103, upload-time = "2025-10-21T16:48:08.018Z" },
    { url = "https://files.pythonhosted.org/packages/04/9c/2788b82454dd485a5b3691cc6f465583e9ce8d4c45bac11461ff38165fd5/uv-0.9.5-py3-none-manylinux_2_31_riscv64.whl", hash = "sha256:9fc13b4b943d19adac52d7dcd2159e96ab2e837ac49a79e20714ed25f1f1b7f9", size = 21263882, upload-time = "2025-10-21T16:48:10.222Z" },
    { url = "https://files.pythonhosted.org/packages/c6/eb/73dd04b7e9c1df76fc6b263140917ba5d7d6d0d28c6913090f3e94e53220/uv-0.9.5-py3-none-musllinux_1_1_armv7l.whl", hash = "sha256:5bb4996329ba47e7e775baba4a47e85092aa491d708a66e63b564e9b306bfb7e", size = 20210317, upload-time = "2025-10-21T16:48:12.606Z" },
    { url = "https://files.pythonhosted.org/packages/bb/45/3f5e0954a727f037e75036ddef2361a16f23f2a4a2bc98c272bb64c273f1/uv-0.9.5-py3-none-musllinux_1_1_i686.whl", hash = "sha256:6452eb6257e37e1ebd97430b5f5e10419da2c3ca35b4086540ec4163b4b2f25c", size = 20614233, upload-time = "2025-10-21T16:48:14.937Z" },
    { url = "https://files.pythonhosted.org/packages/eb/fd/d1317e982a8b004339ca372fbf4d1807be5d765420970bde17bbd621cbf9/uv-0.9.5-py3-none-musllinux_1_1_x86_64.whl", hash = "sha256:3a4ecbfdcbd3dae4190428874762c791e05d2c97ff2872bf6c0a30ed5c4ea9ca", size = 21526600, upload-time = "2025-10-21T16:48:17.396Z" },
    { url = "https://files.pythonhosted.org/packages/9c/39/6b288c4e348c4113d4925c714606f7d1e0a7bfcb7f1ad001a28dbcf62f30/uv-0.9.5-py3-none-win32.whl", hash = "sha256:0316493044035098666d6e99c14bd61b352555d9717d57269f4ce531855330fa", size = 19469211, upload-time = "2025-10-21T16:48:19.668Z" },
    { url = "https://files.pythonhosted.org/packages/af/14/0f07d0b2e561548b4e3006208480a5fce8cdaae5247d85efbfb56e8e596b/uv-0.9.5-py3-none-win_amd64.whl", hash = "sha256:48a12390421f91af8a8993cf15c38297c0bb121936046286e287975b2fbf1789", size = 21404719, upload-time = "2025-10-21T16:48:22.145Z" },
    { url = "https://files.pythonhosted.org/packages/c7/33/14244c0641c2340653ae934e5c82750543fcddbcd260bdc2353a33b6148f/uv-0.9.5-py3-none-win_arm64.whl", hash = "sha256:c966e3a4fe4de3b0a6279d0a835c79f9cddbb3693f52d140910cbbed177c5742", size = 19911407, upload-time = "2025-10-21T16:48:24.974Z" },
]
